
Microsoft Visual Studio Solution File, Format Version 12.00
# Visual Studio 2013
VisualStudioVersion = 12.0.31101.0
MinimumVisualStudioVersion = 10.0.40219.1
Project("{FAE04EC0-301F-11D3-BF4B-00C04F79EFBC}") = "iPOS.DTO", "iPOS.DTO\iPOS.DTO.csproj", "{49580846-F792-4556-AD07-A237DB2F4761}"
EndProject
Project("{FAE04EC0-301F-11D3-BF4B-00C04F79EFBC}") = "iPOS.DAO", "iPOS.DAO\iPOS.DAO.csproj", "{A23ACB5E-A15B-4EC8-9C04-425274966017}"
EndProject
Project("{FAE04EC0-301F-11D3-BF4B-00C04F79EFBC}") = "iPOS.BUS", "iPOS.BUS\iPOS.BUS.csproj", "{22B1C825-BF9A-42A0-AC2B-2D5A4DBC0F9A}"
EndProject
Project("{FAE04EC0-301F-11D3-BF4B-00C04F79EFBC}") = "iPOS.Core", "iPOS.Core\iPOS.Core.csproj", "{7AE67DF2-4FA7-4373-A084-DDAD739D82B0}"
EndProject
Project("{FAE04EC0-301F-11D3-BF4B-00C04F79EFBC}") = "iPOS.IMC", "iPOS.IMC\iPOS.IMC.csproj", "{E49D3DB6-5C47-46B5-BD21-740F20ED488B}"
EndProject
Project("{FAE04EC0-301F-11D3-BF4B-00C04F79EFBC}") = "iPOS.DRO", "iPOS.DRO\iPOS.DRO.csproj", "{AB2BA08D-BEB2-4ACC-BFC7-5617D63928E1}"
EndProject
Global
	GlobalSection(SolutionConfigurationPlatforms) = preSolution
		Debug|Any CPU = Debug|Any CPU
		Release|Any CPU = Release|Any CPU
	EndGlobalSection
	GlobalSection(ProjectConfigurationPlatforms) = postSolution
		{49580846-F792-4556-AD07-A237DB2F4761}.Debug|Any CPU.ActiveCfg = Debug|Any CPU
		{49580846-F792-4556-AD07-A237DB2F4761}.Debug|Any CPU.Build.0 = Debug|Any CPU
		{49580846-F792-4556-AD07-A237DB2F4761}.Release|Any CPU.ActiveCfg = Release|Any CPU
		{49580846-F792-4556-AD07-A237DB2F4761}.Release|Any CPU.Build.0 = Release|Any CPU
		{A23ACB5E-A15B-4EC8-9C04-425274966017}.Debug|Any CPU.ActiveCfg = Debug|Any CPU
		{A23ACB5E-A15B-4EC8-9C04-425274966017}.Debug|Any CPU.Build.0 = Debug|Any CPU
		{A23ACB5E-A15B-4EC8-9C04-425274966017}.Release|Any CPU.ActiveCfg = Release|Any CPU
		{A23ACB5E-A15B-4EC8-9C04-425274966017}.Release|Any CPU.Build.0 = Release|Any CPU
		{22B1C825-BF9A-42A0-AC2B-2D5A4DBC0F9A}.Debug|Any CPU.ActiveCfg = Debug|Any CPU
		{22B1C825-BF9A-42A0-AC2B-2D5A4DBC0F9A}.Debug|Any CPU.Build.0 = Debug|Any CPU
		{22B1C825-BF9A-42A0-AC2B-2D5A4DBC0F9A}.Release|Any CPU.ActiveCfg = Release|Any CPU
		{22B1C825-BF9A-42A0-AC2B-2D5A4DBC0F9A}.Release|Any CPU.Build.0 = Release|Any CPU
		{7AE67DF2-4FA7-4373-A084-DDAD739D82B0}.Debug|Any CPU.ActiveCfg = Debug|Any CPU
		{7AE67DF2-4FA7-4373-A084-DDAD739D82B0}.Debug|Any CPU.Build.0 = Debug|Any CPU
		{7AE67DF2-4FA7-4373-A084-DDAD739D82B0}.Release|Any CPU.ActiveCfg = Release|Any CPU
		{7AE67DF2-4FA7-4373-A084-DDAD739D82B0}.Release|Any CPU.Build.0 = Release|Any CPU
		{E49D3DB6-5C47-46B5-BD21-740F20ED488B}.Debug|Any CPU.ActiveCfg = Debug|Any CPU
		{E49D3DB6-5C47-46B5-BD21-740F20ED488B}.Debug|Any CPU.Build.0 = Debug|Any CPU
		{E49D3DB6-5C47-46B5-BD21-740F20ED488B}.Release|Any CPU.ActiveCfg = Release|Any CPU
		{E49D3DB6-5C47-46B5-BD21-740F20ED488B}.Release|Any CPU.Build.0 = Release|Any CPU
		{AB2BA08D-BEB2-4ACC-BFC7-5617D63928E1}.Debug|Any CPU.ActiveCfg = Debug|Any CPU
		{AB2BA08D-BEB2-4ACC-BFC7-5617D63928E1}.Debug|Any CPU.Build.0 = Debug|Any CPU
		{AB2BA08D-BEB2-4ACC-BFC7-5617D63928E1}.Release|Any CPU.ActiveCfg = Release|Any CPU
		{AB2BA08D-BEB2-4ACC-BFC7-5617D63928E1}.Release|Any CPU.Build.0 = Release|Any CPU
	EndGlobalSection
	GlobalSection(SolutionProperties) = preSolution
		HideSolutionNode = FALSE
	EndGlobalSection
EndGlobal
